
Microsoft Visual Studio Solution File, Format Version 12.00
# Visual Studio Version 16
VisualStudioVersion = 16.0.31911.196
MinimumVisualStudioVersion = 10.0.40219.1
Project("{FAE04EC0-301F-11D3-BF4B-00C04F79EFBC}") = "project_csharp_mysql", "project_csharp_mysql\project_csharp_mysql.csproj", "{02C7C674-D3A5-44E6-8057-C9633AF9BEE9}"
EndProject
Project("{FAE04EC0-301F-11D3-BF4B-00C04F79EFBC}") = "DataLibrary", "DataLibrary\DataLibrary.csproj", "{9DD39B03-D2A3-4238-A498-79D3DDC17FD4}"
EndProject
Global
	GlobalSection(SolutionConfigurationPlatforms) = preSolution
		Debug|Any CPU = Debug|Any CPU
		Release|Any CPU = Release|Any CPU
	EndGlobalSection
	GlobalSection(ProjectConfigurationPlatforms) = postSolution
		{02C7C674-D3A5-44E6-8057-C9633AF9BEE9}.Debug|Any CPU.ActiveCfg = Debug|Any CPU
		{02C7C674-D3A5-44E6-8057-C9633AF9BEE9}.Debug|Any CPU.Build.0 = Debug|Any CPU
		{02C7C674-D3A5-44E6-8057-C9633AF9BEE9}.Release|Any CPU.ActiveCfg = Release|Any CPU
		{02C7C674-D3A5-44E6-8057-C9633AF9BEE9}.Release|Any CPU.Build.0 = Release|Any CPU
		{9DD39B03-D2A3-4238-A498-79D3DDC17FD4}.Debug|Any CPU.ActiveCfg = Debug|Any CPU
		{9DD39B03-D2A3-4238-A498-79D3DDC17FD4}.Debug|Any CPU.Build.0 = Debug|Any CPU
		{9DD39B03-D2A3-4238-A498-79D3DDC17FD4}.Release|Any CPU.ActiveCfg = Release|Any CPU
		{9DD39B03-D2A3-4238-A498-79D3DDC17FD4}.Release|Any CPU.Build.0 = Release|Any CPU
	EndGlobalSection
	GlobalSection(SolutionProperties) = preSolution
		HideSolutionNode = FALSE
	EndGlobalSection
	GlobalSection(ExtensibilityGlobals) = postSolution
		SolutionGuid = {6EB28FAD-CC60-4B5D-B7E7-B6CFCC187BF9}
	EndGlobalSection
EndGlobal
